
Microsoft Visual Studio Solution File, Format Version 12.00
# Visual Studio Version 16
VisualStudioVersion = 16.0.28922.388
MinimumVisualStudioVersion = 15.0.26124.0
Project("{FAE04EC0-301F-11D3-BF4B-00C04F79EFBC}") = "LibraryServices", "LibraryServices\LibraryServices.csproj", "{19571646-44CC-4C62-8D50-E422216ECF1B}"
EndProject
Project("{FAE04EC0-301F-11D3-BF4B-00C04F79EFBC}") = "LibraryMvc", "LibraryMvc\LibraryMvc.csproj", "{DCE7F377-3AF8-4E91-AF76-F93E3A7CFDD8}"
EndProject
Project("{FAE04EC0-301F-11D3-BF4B-00C04F79EFBC}") = "LibraryData", "LibraryData\LibraryData.csproj", "{3B4E78CC-8EC4-473D-8706-8674E201937E}"
EndProject
Global
	GlobalSection(SolutionConfigurationPlatforms) = preSolution
		Debug|Any CPU = Debug|Any CPU
		Debug|x64 = Debug|x64
		Debug|x86 = Debug|x86
		Release|Any CPU = Release|Any CPU
		Release|x64 = Release|x64
		Release|x86 = Release|x86
	EndGlobalSection
	GlobalSection(ProjectConfigurationPlatforms) = postSolution
		{19571646-44CC-4C62-8D50-E422216ECF1B}.Debug|Any CPU.ActiveCfg = Debug|Any CPU
		{19571646-44CC-4C62-8D50-E422216ECF1B}.Debug|Any CPU.Build.0 = Debug|Any CPU
		{19571646-44CC-4C62-8D50-E422216ECF1B}.Debug|x64.ActiveCfg = Debug|Any CPU
		{19571646-44CC-4C62-8D50-E422216ECF1B}.Debug|x64.Build.0 = Debug|Any CPU
		{19571646-44CC-4C62-8D50-E422216ECF1B}.Debug|x86.ActiveCfg = Debug|Any CPU
		{19571646-44CC-4C62-8D50-E422216ECF1B}.Debug|x86.Build.0 = Debug|Any CPU
		{19571646-44CC-4C62-8D50-E422216ECF1B}.Release|Any CPU.ActiveCfg = Release|Any CPU
		{19571646-44CC-4C62-8D50-E422216ECF1B}.Release|Any CPU.Build.0 = Release|Any CPU
		{19571646-44CC-4C62-8D50-E422216ECF1B}.Release|x64.ActiveCfg = Release|Any CPU
		{19571646-44CC-4C62-8D50-E422216ECF1B}.Release|x64.Build.0 = Release|Any CPU
		{19571646-44CC-4C62-8D50-E422216ECF1B}.Release|x86.ActiveCfg = Release|Any CPU
		{19571646-44CC-4C62-8D50-E422216ECF1B}.Release|x86.Build.0 = Release|Any CPU
		{DCE7F377-3AF8-4E91-AF76-F93E3A7CFDD8}.Debug|Any CPU.ActiveCfg = Debug|Any CPU
		{DCE7F377-3AF8-4E91-AF76-F93E3A7CFDD8}.Debug|Any CPU.Build.0 = Debug|Any CPU
		{DCE7F377-3AF8-4E91-AF76-F93E3A7CFDD8}.Debug|x64.ActiveCfg = Debug|Any CPU
		{DCE7F377-3AF8-4E91-AF76-F93E3A7CFDD8}.Debug|x64.Build.0 = Debug|Any CPU
		{DCE7F377-3AF8-4E91-AF76-F93E3A7CFDD8}.Debug|x86.ActiveCfg = Debug|Any CPU
		{DCE7F377-3AF8-4E91-AF76-F93E3A7CFDD8}.Debug|x86.Build.0 = Debug|Any CPU
		{DCE7F377-3AF8-4E91-AF76-F93E3A7CFDD8}.Release|Any CPU.ActiveCfg = Release|Any CPU
		{DCE7F377-3AF8-4E91-AF76-F93E3A7CFDD8}.Release|Any CPU.Build.0 = Release|Any CPU
		{DCE7F377-3AF8-4E91-AF76-F93E3A7CFDD8}.Release|x64.ActiveCfg = Release|Any CPU
		{DCE7F377-3AF8-4E91-AF76-F93E3A7CFDD8}.Release|x64.Build.0 = Release|Any CPU
		{DCE7F377-3AF8-4E91-AF76-F93E3A7CFDD8}.Release|x86.ActiveCfg = Release|Any CPU
		{DCE7F377-3AF8-4E91-AF76-F93E3A7CFDD8}.Release|x86.Build.0 = Release|Any CPU
		{3B4E78CC-8EC4-473D-8706-8674E201937E}.Debug|Any CPU.ActiveCfg = Debug|Any CPU
		{3B4E78CC-8EC4-473D-8706-8674E201937E}.Debug|Any CPU.Build.0 = Debug|Any CPU
		{3B4E78CC-8EC4-473D-8706-8674E201937E}.Debug|x64.ActiveCfg = Debug|Any CPU
		{3B4E78CC-8EC4-473D-8706-8674E201937E}.Debug|x64.Build.0 = Debug|Any CPU
		{3B4E78CC-8EC4-473D-8706-8674E201937E}.Debug|x86.ActiveCfg = Debug|Any CPU
		{3B4E78CC-8EC4-473D-8706-8674E201937E}.Debug|x86.Build.0 = Debug|Any CPU
		{3B4E78CC-8EC4-473D-8706-8674E201937E}.Release|Any CPU.ActiveCfg = Release|Any CPU
		{3B4E78CC-8EC4-473D-8706-8674E201937E}.Release|Any CPU.Build.0 = Release|Any CPU
		{3B4E78CC-8EC4-473D-8706-8674E201937E}.Release|x64.ActiveCfg = Release|Any CPU
		{3B4E78CC-8EC4-473D-8706-8674E201937E}.Release|x64.Build.0 = Release|Any CPU
		{3B4E78CC-8EC4-473D-8706-8674E201937E}.Release|x86.ActiveCfg = Release|Any CPU
		{3B4E78CC-8EC4-473D-8706-8674E201937E}.Release|x86.Build.0 = Release|Any CPU
	EndGlobalSection
	GlobalSection(SolutionProperties) = preSolution
		HideSolutionNode = FALSE
	EndGlobalSection
	GlobalSection(ExtensibilityGlobals) = postSolution
		SolutionGuid = {6383EA55-346B-4E4F-87D1-B2616E74A3CA}
	EndGlobalSection
EndGlobal
